// !$*UTF8*$!
{
	archiveVersion = 1;
	classes = {
	};
	objectVersion = 46;
	objects = {

/* Begin PBXBuildFile section */
		8592643518FDDFB80047938D /* Far.m in Sources */ = {isa = PBXBuildFile; fileRef = 8592643418FDDFB80047938D /* Far.m */; };
		8592643818FDE4640047938D /* Scroller.m in Sources */ = {isa = PBXBuildFile; fileRef = 8592643718FDE4640047938D /* Scroller.m */; };
		8592643B18FE00A20047938D /* WallSlice.m in Sources */ = {isa = PBXBuildFile; fileRef = 8592643A18FE00A20047938D /* WallSlice.m */; };
		8593C4E51902E35E0001E74C /* WallSlicePool.m in Sources */ = {isa = PBXBuildFile; fileRef = 8593C4E41902E35E0001E74C /* WallSlicePool.m */; };
		859CE78419015152003F410A /* MapBuilder.m in Sources */ = {isa = PBXBuildFile; fileRef = 859CE78319015152003F410A /* MapBuilder.m */; };
		85A696961900697300020C33 /* Walls.m in Sources */ = {isa = PBXBuildFile; fileRef = 85A696951900697300020C33 /* Walls.m */; };
		85AE4F0B18FC7ADF0032B4DD /* Foundation.framework in Frameworks */ = {isa = PBXBuildFile; fileRef = 85AE4F0A18FC7ADF0032B4DD /* Foundation.framework */; };
		85AE4F0D18FC7ADF0032B4DD /* CoreGraphics.framework in Frameworks */ = {isa = PBXBuildFile; fileRef = 85AE4F0C18FC7ADF0032B4DD /* CoreGraphics.framework */; };
		85AE4F0F18FC7ADF0032B4DD /* UIKit.framework in Frameworks */ = {isa = PBXBuildFile; fileRef = 85AE4F0E18FC7ADF0032B4DD /* UIKit.framework */; };
		85AE4F1118FC7ADF0032B4DD /* SpriteKit.framework in Frameworks */ = {isa = PBXBuildFile; fileRef = 85AE4F1018FC7ADF0032B4DD /* SpriteKit.framework */; };
		85AE4F1718FC7ADF0032B4DD /* InfoPlist.strings in Resources */ = {isa = PBXBuildFile; fileRef = 85AE4F1518FC7ADF0032B4DD /* InfoPlist.strings */; };
		85AE4F1918FC7ADF0032B4DD /* main.m in Sources */ = {isa = PBXBuildFile; fileRef = 85AE4F1818FC7ADF0032B4DD /* main.m */; };
		85AE4F1D18FC7ADF0032B4DD /* AppDelegate.m in Sources */ = {isa = PBXBuildFile; fileRef = 85AE4F1C18FC7ADF0032B4DD /* AppDelegate.m */; };
		85AE4F2018FC7ADF0032B4DD /* Main.storyboard in Resources */ = {isa = PBXBuildFile; fileRef = 85AE4F1E18FC7ADF0032B4DD /* Main.storyboard */; };
		85AE4F2318FC7ADF0032B4DD /* ViewController.m in Sources */ = {isa = PBXBuildFile; fileRef = 85AE4F2218FC7ADF0032B4DD /* ViewController.m */; };
		85AE4F2618FC7ADF0032B4DD /* MyScene.m in Sources */ = {isa = PBXBuildFile; fileRef = 85AE4F2518FC7ADF0032B4DD /* MyScene.m */; };
		85AE4F2A18FC7ADF0032B4DD /* Images.xcassets in Resources */ = {isa = PBXBuildFile; fileRef = 85AE4F2918FC7ADF0032B4DD /* Images.xcassets */; };
		85AE4F3118FC7ADF0032B4DD /* XCTest.framework in Frameworks */ = {isa = PBXBuildFile; fileRef = 85AE4F3018FC7ADF0032B4DD /* XCTest.framework */; };
		85AE4F3218FC7ADF0032B4DD /* Foundation.framework in Frameworks */ = {isa = PBXBuildFile; fileRef = 85AE4F0A18FC7ADF0032B4DD /* Foundation.framework */; };
		85AE4F3318FC7ADF0032B4DD /* UIKit.framework in Frameworks */ = {isa = PBXBuildFile; fileRef = 85AE4F0E18FC7ADF0032B4DD /* UIKit.framework */; };
		85AE4F3B18FC7ADF0032B4DD /* InfoPlist.strings in Resources */ = {isa = PBXBuildFile; fileRef = 85AE4F3918FC7ADF0032B4DD /* InfoPlist.strings */; };
		85AE4F3D18FC7ADF0032B4DD /* Endless_RunnerTests.m in Sources */ = {isa = PBXBuildFile; fileRef = 85AE4F3C18FC7ADF0032B4DD /* Endless_RunnerTests.m */; };
		85AE4F4A18FC7BFD0032B4DD /* bg-far~ipad.png in Resources */ = {isa = PBXBuildFile; fileRef = 85AE4F4718FC7BFD0032B4DD /* bg-far~ipad.png */; };
		85AE4F4B18FC7BFD0032B4DD /* bg-mid~ipad.png in Resources */ = {isa = PBXBuildFile; fileRef = 85AE4F4818FC7BFD0032B4DD /* bg-mid~ipad.png */; };
		85AE4F4C18FC7BFD0032B4DD /* wallslices.atlas in Resources */ = {isa = PBXBuildFile; fileRef = 85AE4F4918FC7BFD0032B4DD /* wallslices.atlas */; };
		85AE4F4F18FC9F010032B4DD /* Mid.m in Sources */ = {isa = PBXBuildFile; fileRef = 85AE4F4E18FC9F010032B4DD /* Mid.m */; };
/* End PBXBuildFile section */

/* Begin PBXContainerItemProxy section */
		85AE4F3418FC7ADF0032B4DD /* PBXContainerItemProxy */ = {
			isa = PBXContainerItemProxy;
			containerPortal = 85AE4EFF18FC7ADF0032B4DD /* Project object */;
			proxyType = 1;
			remoteGlobalIDString = 85AE4F0618FC7ADF0032B4DD;
			remoteInfo = "Endless Runner";
		};
/* End PBXContainerItemProxy section */

/* Begin PBXFileReference section */
		8592643318FDDFB80047938D /* Far.h */ = {isa = PBXFileReference; fileEncoding = 4; lastKnownFileType = sourcecode.c.h; name = Far.h; path = view/Far.h; sourceTree = "<group>"; };
		8592643418FDDFB80047938D /* Far.m */ = {isa = PBXFileReference; fileEncoding = 4; lastKnownFileType = sourcecode.c.objc; name = Far.m; path = view/Far.m; sourceTree = "<group>"; };
		8592643618FDE4640047938D /* Scroller.h */ = {isa = PBXFileReference; fileEncoding = 4; lastKnownFileType = sourcecode.c.h; name = Scroller.h; path = view/Scroller.h; sourceTree = "<group>"; };
		8592643718FDE4640047938D /* Scroller.m */ = {isa = PBXFileReference; fileEncoding = 4; lastKnownFileType = sourcecode.c.objc; name = Scroller.m; path = view/Scroller.m; sourceTree = "<group>"; };
		8592643918FE00A20047938D /* WallSlice.h */ = {isa = PBXFileReference; fileEncoding = 4; lastKnownFileType = sourcecode.c.h; name = WallSlice.h; path = model/WallSlice.h; sourceTree = "<group>"; };
		8592643A18FE00A20047938D /* WallSlice.m */ = {isa = PBXFileReference; fileEncoding = 4; lastKnownFileType = sourcecode.c.objc; name = WallSlice.m; path = model/WallSlice.m; sourceTree = "<group>"; };
		8593C4E31902E35E0001E74C /* WallSlicePool.h */ = {isa = PBXFileReference; fileEncoding = 4; lastKnownFileType = sourcecode.c.h; name = WallSlicePool.h; path = model/WallSlicePool.h; sourceTree = "<group>"; };
		8593C4E41902E35E0001E74C /* WallSlicePool.m */ = {isa = PBXFileReference; fileEncoding = 4; lastKnownFileType = sourcecode.c.objc; name = WallSlicePool.m; path = model/WallSlicePool.m; sourceTree = "<group>"; };
		859CE78219015152003F410A /* MapBuilder.h */ = {isa = PBXFileReference; fileEncoding = 4; lastKnownFileType = sourcecode.c.h; name = MapBuilder.h; path = model/MapBuilder.h; sourceTree = "<group>"; };
		859CE78319015152003F410A /* MapBuilder.m */ = {isa = PBXFileReference; fileEncoding = 4; lastKnownFileType = sourcecode.c.objc; name = MapBuilder.m; path = model/MapBuilder.m; sourceTree = "<group>"; };
		85A696941900697300020C33 /* Walls.h */ = {isa = PBXFileReference; fileEncoding = 4; lastKnownFileType = sourcecode.c.h; name = Walls.h; path = view/Walls.h; sourceTree = "<group>"; };
		85A696951900697300020C33 /* Walls.m */ = {isa = PBXFileReference; fileEncoding = 4; lastKnownFileType = sourcecode.c.objc; name = Walls.m; path = view/Walls.m; sourceTree = "<group>"; };
		85AE4F0718FC7ADF0032B4DD /* Endless Runner.app */ = {isa = PBXFileReference; explicitFileType = wrapper.application; includeInIndex = 0; path = "Endless Runner.app"; sourceTree = BUILT_PRODUCTS_DIR; };
		85AE4F0A18FC7ADF0032B4DD /* Foundation.framework */ = {isa = PBXFileReference; lastKnownFileType = wrapper.framework; name = Foundation.framework; path = System/Library/Frameworks/Foundation.framework; sourceTree = SDKROOT; };
		85AE4F0C18FC7ADF0032B4DD /* CoreGraphics.framework */ = {isa = PBXFileReference; lastKnownFileType = wrapper.framework; name = CoreGraphics.framework; path = System/Library/Frameworks/CoreGraphics.framework; sourceTree = SDKROOT; };
		85AE4F0E18FC7ADF0032B4DD /* UIKit.framework */ = {isa = PBXFileReference; lastKnownFileType = wrapper.framework; name = UIKit.framework; path = System/Library/Frameworks/UIKit.framework; sourceTree = SDKROOT; };
		85AE4F1018FC7ADF0032B4DD /* SpriteKit.framework */ = {isa = PBXFileReference; lastKnownFileType = wrapper.framework; name = SpriteKit.framework; path = System/Library/Frameworks/SpriteKit.framework; sourceTree = SDKROOT; };
		85AE4F1418FC7ADF0032B4DD /* Endless Runner-Info.plist */ = {isa = PBXFileReference; lastKnownFileType = text.plist.xml; path = "Endless Runner-Info.plist"; sourceTree = "<group>"; };
		85AE4F1618FC7ADF0032B4DD /* en */ = {isa = PBXFileReference; lastKnownFileType = text.plist.strings; name = en; path = en.lproj/InfoPlist.strings; sourceTree = "<group>"; };
		85AE4F1818FC7ADF0032B4DD /* main.m */ = {isa = PBXFileReference; lastKnownFileType = sourcecode.c.objc; path = main.m; sourceTree = "<group>"; };
		85AE4F1A18FC7ADF0032B4DD /* Endless Runner-Prefix.pch */ = {isa = PBXFileReference; lastKnownFileType = sourcecode.c.h; path = "Endless Runner-Prefix.pch"; sourceTree = "<group>"; };
		85AE4F1B18FC7ADF0032B4DD /* AppDelegate.h */ = {isa = PBXFileReference; lastKnownFileType = sourcecode.c.h; path = AppDelegate.h; sourceTree = "<group>"; };
		85AE4F1C18FC7ADF0032B4DD /* AppDelegate.m */ = {isa = PBXFileReference; lastKnownFileType = sourcecode.c.objc; path = AppDelegate.m; sourceTree = "<group>"; };
		85AE4F1F18FC7ADF0032B4DD /* Base */ = {isa = PBXFileReference; lastKnownFileType = file.storyboard; name = Base; path = Base.lproj/Main.storyboard; sourceTree = "<group>"; };
		85AE4F2118FC7ADF0032B4DD /* ViewController.h */ = {isa = PBXFileReference; lastKnownFileType = sourcecode.c.h; path = ViewController.h; sourceTree = "<group>"; };
		85AE4F2218FC7ADF0032B4DD /* ViewController.m */ = {isa = PBXFileReference; lastKnownFileType = sourcecode.c.objc; path = ViewController.m; sourceTree = "<group>"; };
		85AE4F2418FC7ADF0032B4DD /* MyScene.h */ = {isa = PBXFileReference; lastKnownFileType = sourcecode.c.h; path = MyScene.h; sourceTree = "<group>"; };
		85AE4F2518FC7ADF0032B4DD /* MyScene.m */ = {isa = PBXFileReference; lastKnownFileType = sourcecode.c.objc; path = MyScene.m; sourceTree = "<group>"; };
		85AE4F2918FC7ADF0032B4DD /* Images.xcassets */ = {isa = PBXFileReference; lastKnownFileType = folder.assetcatalog; path = Images.xcassets; sourceTree = "<group>"; };
		85AE4F2F18FC7ADF0032B4DD /* Endless RunnerTests.xctest */ = {isa = PBXFileReference; explicitFileType = wrapper.cfbundle; includeInIndex = 0; path = "Endless RunnerTests.xctest"; sourceTree = BUILT_PRODUCTS_DIR; };
		85AE4F3018FC7ADF0032B4DD /* XCTest.framework */ = {isa = PBXFileReference; lastKnownFileType = wrapper.framework; name = XCTest.framework; path = Library/Frameworks/XCTest.framework; sourceTree = DEVELOPER_DIR; };
		85AE4F3818FC7ADF0032B4DD /* Endless RunnerTests-Info.plist */ = {isa = PBXFileReference; lastKnownFileType = text.plist.xml; path = "Endless RunnerTests-Info.plist"; sourceTree = "<group>"; };
		85AE4F3A18FC7ADF0032B4DD /* en */ = {isa = PBXFileReference; lastKnownFileType = text.plist.strings; name = en; path = en.lproj/InfoPlist.strings; sourceTree = "<group>"; };
		85AE4F3C18FC7ADF0032B4DD /* Endless_RunnerTests.m */ = {isa = PBXFileReference; lastKnownFileType = sourcecode.c.objc; path = Endless_RunnerTests.m; sourceTree = "<group>"; };
		85AE4F4718FC7BFD0032B4DD /* bg-far~ipad.png */ = {isa = PBXFileReference; lastKnownFileType = image.png; path = "bg-far~ipad.png"; sourceTree = "<group>"; };
		85AE4F4818FC7BFD0032B4DD /* bg-mid~ipad.png */ = {isa = PBXFileReference; lastKnownFileType = image.png; path = "bg-mid~ipad.png"; sourceTree = "<group>"; };
		85AE4F4918FC7BFD0032B4DD /* wallslices.atlas */ = {isa = PBXFileReference; lastKnownFileType = folder.skatlas; path = wallslices.atlas; sourceTree = "<group>"; };
		85AE4F4D18FC9F010032B4DD /* Mid.h */ = {isa = PBXFileReference; fileEncoding = 4; lastKnownFileType = sourcecode.c.h; name = Mid.h; path = view/Mid.h; sourceTree = "<group>"; };
		85AE4F4E18FC9F010032B4DD /* Mid.m */ = {isa = PBXFileReference; fileEncoding = 4; lastKnownFileType = sourcecode.c.objc; name = Mid.m; path = view/Mid.m; sourceTree = "<group>"; };
/* End PBXFileReference section */

/* Begin PBXFrameworksBuildPhase section */
		85AE4F0418FC7ADF0032B4DD /* Frameworks */ = {
			isa = PBXFrameworksBuildPhase;
			buildActionMask = 2147483647;
			files = (
				85AE4F0D18FC7ADF0032B4DD /* CoreGraphics.framework in Frameworks */,
				85AE4F0F18FC7ADF0032B4DD /* UIKit.framework in Frameworks */,
				85AE4F1118FC7ADF0032B4DD /* SpriteKit.framework in Frameworks */,
				85AE4F0B18FC7ADF0032B4DD /* Foundation.framework in Frameworks */,
			);
			runOnlyForDeploymentPostprocessing = 0;
		};
		85AE4F2C18FC7ADF0032B4DD /* Frameworks */ = {
			isa = PBXFrameworksBuildPhase;
			buildActionMask = 2147483647;
			files = (
				85AE4F3118FC7ADF0032B4DD /* XCTest.framework in Frameworks */,
				85AE4F3318FC7ADF0032B4DD /* UIKit.framework in Frameworks */,
				85AE4F3218FC7ADF0032B4DD /* Foundation.framework in Frameworks */,
			);
			runOnlyForDeploymentPostprocessing = 0;
		};
/* End PBXFrameworksBuildPhase section */

/* Begin PBXGroup section */
		8592643C18FE00AC0047938D /* model */ = {
			isa = PBXGroup;
			children = (
				8592643918FE00A20047938D /* WallSlice.h */,
				8592643A18FE00A20047938D /* WallSlice.m */,
				8593C4E31902E35E0001E74C /* WallSlicePool.h */,
				8593C4E41902E35E0001E74C /* WallSlicePool.m */,
				859CE78219015152003F410A /* MapBuilder.h */,
				859CE78319015152003F410A /* MapBuilder.m */,
			);
			name = model;
			sourceTree = "<group>";
		};
		85AE4EFE18FC7ADF0032B4DD = {
			isa = PBXGroup;
			children = (
				85AE4F1218FC7ADF0032B4DD /* Endless Runner */,
				85AE4F3618FC7ADF0032B4DD /* Endless RunnerTests */,
				85AE4F0918FC7ADF0032B4DD /* Frameworks */,
				85AE4F0818FC7ADF0032B4DD /* Products */,
			);
			sourceTree = "<group>";
		};
		85AE4F0818FC7ADF0032B4DD /* Products */ = {
			isa = PBXGroup;
			children = (
				85AE4F0718FC7ADF0032B4DD /* Endless Runner.app */,
				85AE4F2F18FC7ADF0032B4DD /* Endless RunnerTests.xctest */,
			);
			name = Products;
			sourceTree = "<group>";
		};
		85AE4F0918FC7ADF0032B4DD /* Frameworks */ = {
			isa = PBXGroup;
			children = (
				85AE4F0A18FC7ADF0032B4DD /* Foundation.framework */,
				85AE4F0C18FC7ADF0032B4DD /* CoreGraphics.framework */,
				85AE4F0E18FC7ADF0032B4DD /* UIKit.framework */,
				85AE4F1018FC7ADF0032B4DD /* SpriteKit.framework */,
				85AE4F3018FC7ADF0032B4DD /* XCTest.framework */,
			);
			name = Frameworks;
			sourceTree = "<group>";
		};
		85AE4F1218FC7ADF0032B4DD /* Endless Runner */ = {
			isa = PBXGroup;
			children = (
				8592643C18FE00AC0047938D /* model */,
				85AE4F5018FC9F0D0032B4DD /* view */,
				85AE4F4618FC7BFD0032B4DD /* resources */,
				85AE4F1B18FC7ADF0032B4DD /* AppDelegate.h */,
				85AE4F1C18FC7ADF0032B4DD /* AppDelegate.m */,
				85AE4F1E18FC7ADF0032B4DD /* Main.storyboard */,
				85AE4F2118FC7ADF0032B4DD /* ViewController.h */,
				85AE4F2218FC7ADF0032B4DD /* ViewController.m */,
				85AE4F2418FC7ADF0032B4DD /* MyScene.h */,
				85AE4F2518FC7ADF0032B4DD /* MyScene.m */,
				85AE4F2918FC7ADF0032B4DD /* Images.xcassets */,
				85AE4F1318FC7ADF0032B4DD /* Supporting Files */,
			);
			path = "Endless Runner";
			sourceTree = "<group>";
		};
		85AE4F1318FC7ADF0032B4DD /* Supporting Files */ = {
			isa = PBXGroup;
			children = (
				85AE4F1418FC7ADF0032B4DD /* Endless Runner-Info.plist */,
				85AE4F1518FC7ADF0032B4DD /* InfoPlist.strings */,
				85AE4F1818FC7ADF0032B4DD /* main.m */,
				85AE4F1A18FC7ADF0032B4DD /* Endless Runner-Prefix.pch */,
			);
			name = "Supporting Files";
			sourceTree = "<group>";
		};
		85AE4F3618FC7ADF0032B4DD /* Endless RunnerTests */ = {
			isa = PBXGroup;
			children = (
				85AE4F3C18FC7ADF0032B4DD /* Endless_RunnerTests.m */,
				85AE4F3718FC7ADF0032B4DD /* Supporting Files */,
			);
			path = "Endless RunnerTests";
			sourceTree = "<group>";
		};
		85AE4F3718FC7ADF0032B4DD /* Supporting Files */ = {
			isa = PBXGroup;
			children = (
				85AE4F3818FC7ADF0032B4DD /* Endless RunnerTests-Info.plist */,
				85AE4F3918FC7ADF0032B4DD /* InfoPlist.strings */,
			);
			name = "Supporting Files";
			sourceTree = "<group>";
		};
		85AE4F4618FC7BFD0032B4DD /* resources */ = {
			isa = PBXGroup;
			children = (
				85AE4F4718FC7BFD0032B4DD /* bg-far~ipad.png */,
				85AE4F4818FC7BFD0032B4DD /* bg-mid~ipad.png */,
				85AE4F4918FC7BFD0032B4DD /* wallslices.atlas */,
			);
			path = resources;
			sourceTree = "<group>";
		};
		85AE4F5018FC9F0D0032B4DD /* view */ = {
			isa = PBXGroup;
			children = (
				85AE4F4D18FC9F010032B4DD /* Mid.h */,
				85AE4F4E18FC9F010032B4DD /* Mid.m */,
				8592643318FDDFB80047938D /* Far.h */,
				8592643418FDDFB80047938D /* Far.m */,
				8592643618FDE4640047938D /* Scroller.h */,
				8592643718FDE4640047938D /* Scroller.m */,
				85A696941900697300020C33 /* Walls.h */,
				85A696951900697300020C33 /* Walls.m */,
			);
			name = view;
			sourceTree = "<group>";
		};
/* End PBXGroup section */

/* Begin PBXNativeTarget section */
		85AE4F0618FC7ADF0032B4DD /* Endless Runner */ = {
			isa = PBXNativeTarget;
			buildConfigurationList = 85AE4F4018FC7ADF0032B4DD /* Build configuration list for PBXNativeTarget "Endless Runner" */;
			buildPhases = (
				85AE4F0318FC7ADF0032B4DD /* Sources */,
				85AE4F0418FC7ADF0032B4DD /* Frameworks */,
				85AE4F0518FC7ADF0032B4DD /* Resources */,
			);
			buildRules = (
			);
			dependencies = (
			);
			name = "Endless Runner";
			productName = "Endless Runner";
			productReference = 85AE4F0718FC7ADF0032B4DD /* Endless Runner.app */;
			productType = "com.apple.product-type.application";
		};
		85AE4F2E18FC7ADF0032B4DD /* Endless RunnerTests */ = {
			isa = PBXNativeTarget;
			buildConfigurationList = 85AE4F4318FC7ADF0032B4DD /* Build configuration list for PBXNativeTarget "Endless RunnerTests" */;
			buildPhases = (
				85AE4F2B18FC7ADF0032B4DD /* Sources */,
				85AE4F2C18FC7ADF0032B4DD /* Frameworks */,
				85AE4F2D18FC7ADF0032B4DD /* Resources */,
			);
			buildRules = (
			);
			dependencies = (
				85AE4F3518FC7ADF0032B4DD /* PBXTargetDependency */,
			);
			name = "Endless RunnerTests";
			productName = "Endless RunnerTests";
			productReference = 85AE4F2F18FC7ADF0032B4DD /* Endless RunnerTests.xctest */;
			productType = "com.apple.product-type.bundle.unit-test";
		};
/* End PBXNativeTarget section */

/* Begin PBXProject section */
		85AE4EFF18FC7ADF0032B4DD /* Project object */ = {
			isa = PBXProject;
			attributes = {
				LastUpgradeCheck = 0510;
				ORGANIZATIONNAME = "Christopher Caleb";
				TargetAttributes = {
					85AE4F2E18FC7ADF0032B4DD = {
						TestTargetID = 85AE4F0618FC7ADF0032B4DD;
					};
				};
			};
			buildConfigurationList = 85AE4F0218FC7ADF0032B4DD /* Build configuration list for PBXProject "Endless Runner" */;
			compatibilityVersion = "Xcode 3.2";
			developmentRegion = English;
			hasScannedForEncodings = 0;
			knownRegions = (
				en,
				Base,
			);
			mainGroup = 85AE4EFE18FC7ADF0032B4DD;
			productRefGroup = 85AE4F0818FC7ADF0032B4DD /* Products */;
			projectDirPath = "";
			projectRoot = "";
			targets = (
				85AE4F0618FC7ADF0032B4DD /* Endless Runner */,
				85AE4F2E18FC7ADF0032B4DD /* Endless RunnerTests */,
			);
		};
/* End PBXProject section */

/* Begin PBXResourcesBuildPhase section */
		85AE4F0518FC7ADF0032B4DD /* Resources */ = {
			isa = PBXResourcesBuildPhase;
			buildActionMask = 2147483647;
			files = (
				85AE4F1718FC7ADF0032B4DD /* InfoPlist.strings in Resources */,
				85AE4F2A18FC7ADF0032B4DD /* Images.xcassets in Resources */,
				85AE4F4B18FC7BFD0032B4DD /* bg-mid~ipad.png in Resources */,
				85AE4F2018FC7ADF0032B4DD /* Main.storyboard in Resources */,
				85AE4F4C18FC7BFD0032B4DD /* wallslices.atlas in Resources */,
				85AE4F4A18FC7BFD0032B4DD /* bg-far~ipad.png in Resources */,
			);
			runOnlyForDeploymentPostprocessing = 0;
		};
		85AE4F2D18FC7ADF0032B4DD /* Resources */ = {
			isa = PBXResourcesBuildPhase;
			buildActionMask = 2147483647;
			files = (
				85AE4F3B18FC7ADF0032B4DD /* InfoPlist.strings in Resources */,
			);
			runOnlyForDeploymentPostprocessing = 0;
		};
/* End PBXResourcesBuildPhase section */

/* Begin PBXSourcesBuildPhase section */
		85AE4F0318FC7ADF0032B4DD /* Sources */ = {
			isa = PBXSourcesBuildPhase;
			buildActionMask = 2147483647;
			files = (
				8593C4E51902E35E0001E74C /* WallSlicePool.m in Sources */,
				8592643B18FE00A20047938D /* WallSlice.m in Sources */,
				85AE4F2618FC7ADF0032B4DD /* MyScene.m in Sources */,
				85AE4F2318FC7ADF0032B4DD /* ViewController.m in Sources */,
				85AE4F1D18FC7ADF0032B4DD /* AppDelegate.m in Sources */,
				8592643818FDE4640047938D /* Scroller.m in Sources */,
				85A696961900697300020C33 /* Walls.m in Sources */,
				8592643518FDDFB80047938D /* Far.m in Sources */,
				859CE78419015152003F410A /* MapBuilder.m in Sources */,
				85AE4F1918FC7ADF0032B4DD /* main.m in Sources */,
				85AE4F4F18FC9F010032B4DD /* Mid.m in Sources */,
			);
			runOnlyForDeploymentPostprocessing = 0;
		};
		85AE4F2B18FC7ADF0032B4DD /* Sources */ = {
			isa = PBXSourcesBuildPhase;
			buildActionMask = 2147483647;
			files = (
				85AE4F3D18FC7ADF0032B4DD /* Endless_RunnerTests.m in Sources */,
			);
			runOnlyForDeploymentPostprocessing = 0;
		};
/* End PBXSourcesBuildPhase section */

/* Begin PBXTargetDependency section */
		85AE4F3518FC7ADF0032B4DD /* PBXTargetDependency */ = {
			isa = PBXTargetDependency;
			target = 85AE4F0618FC7ADF0032B4DD /* Endless Runner */;
			targetProxy = 85AE4F3418FC7ADF0032B4DD /* PBXContainerItemProxy */;
		};
/* End PBXTargetDependency section */

/* Begin PBXVariantGroup section */
		85AE4F1518FC7ADF0032B4DD /* InfoPlist.strings */ = {
			isa = PBXVariantGroup;
			children = (
				85AE4F1618FC7ADF0032B4DD /* en */,
			);
			name = InfoPlist.strings;
			sourceTree = "<group>";
		};
		85AE4F1E18FC7ADF0032B4DD /* Main.storyboard */ = {
			isa = PBXVariantGroup;
			children = (
				85AE4F1F18FC7ADF0032B4DD /* Base */,
			);
			name = Main.storyboard;
			sourceTree = "<group>";
		};
		85AE4F3918FC7ADF0032B4DD /* InfoPlist.strings */ = {
			isa = PBXVariantGroup;
			children = (
				85AE4F3A18FC7ADF0032B4DD /* en */,
			);
			name = InfoPlist.strings;
			sourceTree = "<group>";
		};
/* End PBXVariantGroup section */

/* Begin XCBuildConfiguration section */
		85AE4F3E18FC7ADF0032B4DD /* Debug */ = {
			isa = XCBuildConfiguration;
			buildSettings = {
				ALWAYS_SEARCH_USER_PATHS = NO;
				CLANG_CXX_LANGUAGE_STANDARD = "gnu++0x";
				CLANG_CXX_LIBRARY = "libc++";
				CLANG_ENABLE_MODULES = YES;
				CLANG_ENABLE_OBJC_ARC = YES;
				CLANG_WARN_BOOL_CONVERSION = YES;
				CLANG_WARN_CONSTANT_CONVERSION = YES;
				CLANG_WARN_DIRECT_OBJC_ISA_USAGE = YES_ERROR;
				CLANG_WARN_EMPTY_BODY = YES;
				CLANG_WARN_ENUM_CONVERSION = YES;
				CLANG_WARN_INT_CONVERSION = YES;
				CLANG_WARN_OBJC_ROOT_CLASS = YES_ERROR;
				CLANG_WARN__DUPLICATE_METHOD_MATCH = YES;
				"CODE_SIGN_IDENTITY[sdk=iphoneos*]" = "iPhone Developer";
				COPY_PHASE_STRIP = NO;
				GCC_C_LANGUAGE_STANDARD = gnu99;
				GCC_DYNAMIC_NO_PIC = NO;
				GCC_OPTIMIZATION_LEVEL = 0;
				GCC_PREPROCESSOR_DEFINITIONS = (
					"DEBUG=1",
					"$(inherited)",
				);
				GCC_SYMBOLS_PRIVATE_EXTERN = NO;
				GCC_WARN_64_TO_32_BIT_CONVERSION = YES;
				GCC_WARN_ABOUT_RETURN_TYPE = YES_ERROR;
				GCC_WARN_UNDECLARED_SELECTOR = YES;
				GCC_WARN_UNINITIALIZED_AUTOS = YES_AGGRESSIVE;
				GCC_WARN_UNUSED_FUNCTION = YES;
				GCC_WARN_UNUSED_VARIABLE = YES;
				IPHONEOS_DEPLOYMENT_TARGET = 7.1;
				ONLY_ACTIVE_ARCH = YES;
				SDKROOT = iphoneos;
				TARGETED_DEVICE_FAMILY = 2;
			};
			name = Debug;
		};
		85AE4F3F18FC7ADF0032B4DD /* Release */ = {
			isa = XCBuildConfiguration;
			buildSettings = {
				ALWAYS_SEARCH_USER_PATHS = NO;
				CLANG_CXX_LANGUAGE_STANDARD = "gnu++0x";
				CLANG_CXX_LIBRARY = "libc++";
				CLANG_ENABLE_MODULES = YES;
				CLANG_ENABLE_OBJC_ARC = YES;
				CLANG_WARN_BOOL_CONVERSION = YES;
				CLANG_WARN_CONSTANT_CONVERSION = YES;
				CLANG_WARN_DIRECT_OBJC_ISA_USAGE = YES_ERROR;
				CLANG_WARN_EMPTY_BODY = YES;
				CLANG_WARN_ENUM_CONVERSION = YES;
				CLANG_WARN_INT_CONVERSION = YES;
				CLANG_WARN_OBJC_ROOT_CLASS = YES_ERROR;
				CLANG_WARN__DUPLICATE_METHOD_MATCH = YES;
				"CODE_SIGN_IDENTITY[sdk=iphoneos*]" = "iPhone Developer";
				COPY_PHASE_STRIP = YES;
				ENABLE_NS_ASSERTIONS = NO;
				GCC_C_LANGUAGE_STANDARD = gnu99;
				GCC_WARN_64_TO_32_BIT_CONVERSION = YES;
				GCC_WARN_ABOUT_RETURN_TYPE = YES_ERROR;
				GCC_WARN_UNDECLARED_SELECTOR = YES;
				GCC_WARN_UNINITIALIZED_AUTOS = YES_AGGRESSIVE;
				GCC_WARN_UNUSED_FUNCTION = YES;
				GCC_WARN_UNUSED_VARIABLE = YES;
				IPHONEOS_DEPLOYMENT_TARGET = 7.1;
				SDKROOT = iphoneos;
				TARGETED_DEVICE_FAMILY = 2;
				VALIDATE_PRODUCT = YES;
			};
			name = Release;
		};
		85AE4F4118FC7ADF0032B4DD /* Debug */ = {
			isa = XCBuildConfiguration;
			buildSettings = {
				ASSETCATALOG_COMPILER_APPICON_NAME = AppIcon;
				ASSETCATALOG_COMPILER_LAUNCHIMAGE_NAME = LaunchImage;
				CODE_SIGN_IDENTITY = "iPhone Developer";
				GCC_PRECOMPILE_PREFIX_HEADER = YES;
				GCC_PREFIX_HEADER = "Endless Runner/Endless Runner-Prefix.pch";
				INFOPLIST_FILE = "Endless Runner/Endless Runner-Info.plist";
				PRODUCT_NAME = "$(TARGET_NAME)";
				SPRITEKIT_TEXTURE_ATLAS_OUTPUT = YES;
				WRAPPER_EXTENSION = app;
			};
			name = Debug;
		};
		85AE4F4218FC7ADF0032B4DD /* Release */ = {
			isa = XCBuildConfiguration;
			buildSettings = {
				ASSETCATALOG_COMPILER_APPICON_NAME = AppIcon;
				ASSETCATALOG_COMPILER_LAUNCHIMAGE_NAME = LaunchImage;
				CODE_SIGN_IDENTITY = "iPhone Developer";
				GCC_PRECOMPILE_PREFIX_HEADER = YES;
				GCC_PREFIX_HEADER = "Endless Runner/Endless Runner-Prefix.pch";
				INFOPLIST_FILE = "Endless Runner/Endless Runner-Info.plist";
				PRODUCT_NAME = "$(TARGET_NAME)";
				SPRITEKIT_TEXTURE_ATLAS_OUTPUT = YES;
				WRAPPER_EXTENSION = app;
			};
			name = Release;
		};
		85AE4F4418FC7ADF0032B4DD /* Debug */ = {
			isa = XCBuildConfiguration;
			buildSettings = {
				BUNDLE_LOADER = "$(BUILT_PRODUCTS_DIR)/Endless Runner.app/Endless Runner";
				FRAMEWORK_SEARCH_PATHS = (
					"$(SDKROOT)/Developer/Library/Frameworks",
					"$(inherited)",
					"$(DEVELOPER_FRAMEWORKS_DIR)",
				);
				GCC_PRECOMPILE_PREFIX_HEADER = YES;
				GCC_PREFIX_HEADER = "Endless Runner/Endless Runner-Prefix.pch";
				GCC_PREPROCESSOR_DEFINITIONS = (
					"DEBUG=1",
					"$(inherited)",
				);
				INFOPLIST_FILE = "Endless RunnerTests/Endless RunnerTests-Info.plist";
				PRODUCT_NAME = "$(TARGET_NAME)";
				TEST_HOST = "$(BUNDLE_LOADER)";
				WRAPPER_EXTENSION = xctest;
			};
			name = Debug;
		};
		85AE4F4518FC7ADF0032B4DD /* Release */ = {
			isa = XCBuildConfiguration;
			buildSettings = {
				BUNDLE_LOADER = "$(BUILT_PRODUCTS_DIR)/Endless Runner.app/Endless Runner";
				FRAMEWORK_SEARCH_PATHS = (
					"$(SDKROOT)/Developer/Library/Frameworks",
					"$(inherited)",
					"$(DEVELOPER_FRAMEWORKS_DIR)",
				);
				GCC_PRECOMPILE_PREFIX_HEADER = YES;
				GCC_PREFIX_HEADER = "Endless Runner/Endless Runner-Prefix.pch";
				INFOPLIST_FILE = "Endless RunnerTests/Endless RunnerTests-Info.plist";
				PRODUCT_NAME = "$(TARGET_NAME)";
				TEST_HOST = "$(BUNDLE_LOADER)";
				WRAPPER_EXTENSION = xctest;
			};
			name = Release;
		};
/* End XCBuildConfiguration section */

/* Begin XCConfigurationList section */
		85AE4F0218FC7ADF0032B4DD /* Build configuration list for PBXProject "Endless Runner" */ = {
			isa = XCConfigurationList;
			buildConfigurations = (
				85AE4F3E18FC7ADF0032B4DD /* Debug */,
				85AE4F3F18FC7ADF0032B4DD /* Release */,
			);
			defaultConfigurationIsVisible = 0;
			defaultConfigurationName = Release;
		};
		85AE4F4018FC7ADF0032B4DD /* Build configuration list for PBXNativeTarget "Endless Runner" */ = {
			isa = XCConfigurationList;
			buildConfigurations = (
				85AE4F4118FC7ADF0032B4DD /* Debug */,
				85AE4F4218FC7ADF0032B4DD /* Release */,
			);
			defaultConfigurationIsVisible = 0;
			defaultConfigurationName = Release;
		};
		85AE4F4318FC7ADF0032B4DD /* Build configuration list for PBXNativeTarget "Endless RunnerTests" */ = {
			isa = XCConfigurationList;
			buildConfigurations = (
				85AE4F4418FC7ADF0032B4DD /* Debug */,
				85AE4F4518FC7ADF0032B4DD /* Release */,
			);
			defaultConfigurationIsVisible = 0;
			defaultConfigurationName = Release;
		};
/* End XCConfigurationList section */
	};
	rootObject = 85AE4EFF18FC7ADF0032B4DD /* Project object */;
}
